// !$*UTF8*$!
{
	archiveVersion = 1;
	classes = {
	};
	objectVersion = 50;
	objects = {

/* Begin PBXBuildFile section */
		D22BFA792737D0DA00764BBB /* Utils.swift in Sources */ = {isa = PBXBuildFile; fileRef = D22BFA782737D0DA00764BBB /* Utils.swift */; };
		D22BFA892737D48900764BBB /* Localizable.strings in Resources */ = {isa = PBXBuildFile; fileRef = D22BFA882737D48900764BBB /* Localizable.strings */; };
		D22BFA9A2737E54100764BBB /* Transactions.json in Resources */ = {isa = PBXBuildFile; fileRef = D22BFA992737E54100764BBB /* Transactions.json */; };
		D22BFAA22737E54B00764BBB /* Payee.json in Resources */ = {isa = PBXBuildFile; fileRef = D22BFAA12737E54B00764BBB /* Payee.json */; };
		D22BFAD22737E61300764BBB /* LoginSceneViewControllerTests.swift in Sources */ = {isa = PBXBuildFile; fileRef = D22BFACE2737E61300764BBB /* LoginSceneViewControllerTests.swift */; };
		D22BFAEF27382AC900764BBB /* RoundedView.swift in Sources */ = {isa = PBXBuildFile; fileRef = D22BFAEE27382AC900764BBB /* RoundedView.swift */; };
		D2C20D06273626CB0061D929 /* AppDelegate.swift in Sources */ = {isa = PBXBuildFile; fileRef = D2C20D05273626CB0061D929 /* AppDelegate.swift */; };
		D2C20D08273626CB0061D929 /* SceneDelegate.swift in Sources */ = {isa = PBXBuildFile; fileRef = D2C20D07273626CB0061D929 /* SceneDelegate.swift */; };
		D2C20D0D273626CB0061D929 /* Main.storyboard in Resources */ = {isa = PBXBuildFile; fileRef = D2C20D0B273626CB0061D929 /* Main.storyboard */; };
		D2C20D0F273626D70061D929 /* Assets.xcassets in Resources */ = {isa = PBXBuildFile; fileRef = D2C20D0E273626D70061D929 /* Assets.xcassets */; };
		D2C20D12273626D70061D929 /* LaunchScreen.storyboard in Resources */ = {isa = PBXBuildFile; fileRef = D2C20D10273626D70061D929 /* LaunchScreen.storyboard */; };
		D2C20D1D273626D80061D929 /* TransactionAppTests.swift in Sources */ = {isa = PBXBuildFile; fileRef = D2C20D1C273626D80061D929 /* TransactionAppTests.swift */; };
		D2C20D28273626D80061D929 /* TransactionAppUITests.swift in Sources */ = {isa = PBXBuildFile; fileRef = D2C20D27273626D80061D929 /* TransactionAppUITests.swift */; };
		D2C20D43273627710061D929 /* LoginScenePresenter.swift in Sources */ = {isa = PBXBuildFile; fileRef = D2C20D3D273627710061D929 /* LoginScenePresenter.swift */; };
		D2C20D45273627710061D929 /* LoginSceneViewController.swift in Sources */ = {isa = PBXBuildFile; fileRef = D2C20D3F273627710061D929 /* LoginSceneViewController.swift */; };
		D2C20D46273627710061D929 /* LoginSceneInteractor.swift in Sources */ = {isa = PBXBuildFile; fileRef = D2C20D40273627710061D929 /* LoginSceneInteractor.swift */; };
		D2C20D54273628FC0061D929 /* DashboardScenePresenter.swift in Sources */ = {isa = PBXBuildFile; fileRef = D2C20D4E273628FC0061D929 /* DashboardScenePresenter.swift */; };
		D2C20D56273628FC0061D929 /* DashboardSceneViewController.swift in Sources */ = {isa = PBXBuildFile; fileRef = D2C20D50273628FC0061D929 /* DashboardSceneViewController.swift */; };
		D2C20D57273628FC0061D929 /* DashboardSceneInteractor.swift in Sources */ = {isa = PBXBuildFile; fileRef = D2C20D51273628FC0061D929 /* DashboardSceneInteractor.swift */; };
		D2C20D59273628FC0061D929 /* DashboardSceneModel.swift in Sources */ = {isa = PBXBuildFile; fileRef = D2C20D53273628FC0061D929 /* DashboardSceneModel.swift */; };
		D2C20D66273629160061D929 /* TransferScenePresenter.swift in Sources */ = {isa = PBXBuildFile; fileRef = D2C20D60273629160061D929 /* TransferScenePresenter.swift */; };
		D2C20D68273629160061D929 /* TransferSceneViewController.swift in Sources */ = {isa = PBXBuildFile; fileRef = D2C20D62273629160061D929 /* TransferSceneViewController.swift */; };
		D2C20D69273629160061D929 /* TransferSceneInteractor.swift in Sources */ = {isa = PBXBuildFile; fileRef = D2C20D63273629160061D929 /* TransferSceneInteractor.swift */; };
		D2C20D6B273629160061D929 /* TransferSceneModel.swift in Sources */ = {isa = PBXBuildFile; fileRef = D2C20D65273629160061D929 /* TransferSceneModel.swift */; };
		D2C20D7527362EFE0061D929 /* BindingTextField.swift in Sources */ = {isa = PBXBuildFile; fileRef = D2C20D7427362EFE0061D929 /* BindingTextField.swift */; };
		D2C20D7E27362FB30061D929 /* UserModel.swift in Sources */ = {isa = PBXBuildFile; fileRef = D2C20D7D27362FB30061D929 /* UserModel.swift */; };
		D2C20D8E273638E70061D929 /* RoundedButton.swift in Sources */ = {isa = PBXBuildFile; fileRef = D2C20D8D273638E70061D929 /* RoundedButton.swift */; };
		D2C20D9C273652250061D929 /* BaseViewController.swift in Sources */ = {isa = PBXBuildFile; fileRef = D2C20D9B273652250061D929 /* BaseViewController.swift */; };
		D2C20DA9273678030061D929 /* LoginResponse.json in Resources */ = {isa = PBXBuildFile; fileRef = D2C20DA8273678030061D929 /* LoginResponse.json */; };
		D2C20DC1273684A70061D929 /* APIRequest.swift in Sources */ = {isa = PBXBuildFile; fileRef = D2C20DC0273684A70061D929 /* APIRequest.swift */; };
		D2C20DCE273686FC0061D929 /* APIProtocol.swift in Sources */ = {isa = PBXBuildFile; fileRef = D2C20DCD273686FC0061D929 /* APIProtocol.swift */; };
		D2C20DD3273694620061D929 /* Reponse.swift in Sources */ = {isa = PBXBuildFile; fileRef = D2C20DD2273694620061D929 /* Reponse.swift */; };
		D2C20DDB2736A26D0061D929 /* APIService.swift in Sources */ = {isa = PBXBuildFile; fileRef = D2C20DDA2736A26D0061D929 /* APIService.swift */; };
		D2C20DE02736AECB0061D929 /* APIManager.swift in Sources */ = {isa = PBXBuildFile; fileRef = D2C20DDF2736AECB0061D929 /* APIManager.swift */; };
		D2C289C5273AC5FC00E79627 /* TransactionManager.swift in Sources */ = {isa = PBXBuildFile; fileRef = D2C289C4273AC5FC00E79627 /* TransactionManager.swift */; };
		D2C289CA273ACCE700E79627 /* Transfer.json in Resources */ = {isa = PBXBuildFile; fileRef = D2C289C9273ACCE700E79627 /* Transfer.json */; };
		D2F9126E27395EA500FC5487 /* TableViewDatasource.swift in Sources */ = {isa = PBXBuildFile; fileRef = D2F9126D27395EA500FC5487 /* TableViewDatasource.swift */; };
		D2F9127627395FBB00FC5487 /* TransactionCell.swift in Sources */ = {isa = PBXBuildFile; fileRef = D2F9127527395FBB00FC5487 /* TransactionCell.swift */; };
		D2F9127C27396DB800FC5487 /* Extensions.swift in Sources */ = {isa = PBXBuildFile; fileRef = D2F9127B27396DB800FC5487 /* Extensions.swift */; };
		D2F9129227398DED00FC5487 /* TransactionSceneRouter.swift in Sources */ = {isa = PBXBuildFile; fileRef = D2F9129127398DED00FC5487 /* TransactionSceneRouter.swift */; };
/* End PBXBuildFile section */

/* Begin PBXContainerItemProxy section */
		D2C20D19273626D80061D929 /* PBXContainerItemProxy */ = {
			isa = PBXContainerItemProxy;
			containerPortal = D2C20CFA273626CB0061D929 /* Project object */;
			proxyType = 1;
			remoteGlobalIDString = D2C20D01273626CB0061D929;
			remoteInfo = TransactionApp;
		};
		D2C20D24273626D80061D929 /* PBXContainerItemProxy */ = {
			isa = PBXContainerItemProxy;
			containerPortal = D2C20CFA273626CB0061D929 /* Project object */;
			proxyType = 1;
			remoteGlobalIDString = D2C20D01273626CB0061D929;
			remoteInfo = TransactionApp;
		};
/* End PBXContainerItemProxy section */

/* Begin PBXFileReference section */
		D22BFA782737D0DA00764BBB /* Utils.swift */ = {isa = PBXFileReference; lastKnownFileType = sourcecode.swift; path = Utils.swift; sourceTree = "<group>"; };
		D22BFA832737D41300764BBB /* hi */ = {isa = PBXFileReference; lastKnownFileType = text.plist.strings; name = hi; path = hi.lproj/Main.strings; sourceTree = "<group>"; };
		D22BFA842737D41300764BBB /* hi */ = {isa = PBXFileReference; lastKnownFileType = text.plist.strings; name = hi; path = hi.lproj/LaunchScreen.strings; sourceTree = "<group>"; };
		D22BFA882737D48900764BBB /* Localizable.strings */ = {isa = PBXFileReference; lastKnownFileType = text.plist.strings; path = Localizable.strings; sourceTree = "<group>"; };
		D22BFA992737E54100764BBB /* Transactions.json */ = {isa = PBXFileReference; fileEncoding = 4; lastKnownFileType = text.json; path = Transactions.json; sourceTree = "<group>"; };
		D22BFAA12737E54B00764BBB /* Payee.json */ = {isa = PBXFileReference; fileEncoding = 4; lastKnownFileType = text.json; path = Payee.json; sourceTree = "<group>"; };
		D22BFACE2737E61300764BBB /* LoginSceneViewControllerTests.swift */ = {isa = PBXFileReference; lastKnownFileType = sourcecode.swift; path = LoginSceneViewControllerTests.swift; sourceTree = "<group>"; };
		D22BFAEE27382AC900764BBB /* RoundedView.swift */ = {isa = PBXFileReference; lastKnownFileType = sourcecode.swift; path = RoundedView.swift; sourceTree = "<group>"; };
		D2C20D02273626CB0061D929 /* TransactionApp.app */ = {isa = PBXFileReference; explicitFileType = wrapper.application; includeInIndex = 0; path = TransactionApp.app; sourceTree = BUILT_PRODUCTS_DIR; };
		D2C20D05273626CB0061D929 /* AppDelegate.swift */ = {isa = PBXFileReference; lastKnownFileType = sourcecode.swift; path = AppDelegate.swift; sourceTree = "<group>"; };
		D2C20D07273626CB0061D929 /* SceneDelegate.swift */ = {isa = PBXFileReference; lastKnownFileType = sourcecode.swift; path = SceneDelegate.swift; sourceTree = "<group>"; };
		D2C20D0C273626CB0061D929 /* Base */ = {isa = PBXFileReference; lastKnownFileType = file.storyboard; name = Base; path = Base.lproj/Main.storyboard; sourceTree = "<group>"; };
		D2C20D0E273626D70061D929 /* Assets.xcassets */ = {isa = PBXFileReference; lastKnownFileType = folder.assetcatalog; path = Assets.xcassets; sourceTree = "<group>"; };
		D2C20D11273626D70061D929 /* Base */ = {isa = PBXFileReference; lastKnownFileType = file.storyboard; name = Base; path = Base.lproj/LaunchScreen.storyboard; sourceTree = "<group>"; };
		D2C20D13273626D70061D929 /* Info.plist */ = {isa = PBXFileReference; lastKnownFileType = text.plist.xml; path = Info.plist; sourceTree = "<group>"; };
		D2C20D18273626D80061D929 /* TransactionAppTests.xctest */ = {isa = PBXFileReference; explicitFileType = wrapper.cfbundle; includeInIndex = 0; path = TransactionAppTests.xctest; sourceTree = BUILT_PRODUCTS_DIR; };
		D2C20D1C273626D80061D929 /* TransactionAppTests.swift */ = {isa = PBXFileReference; lastKnownFileType = sourcecode.swift; path = TransactionAppTests.swift; sourceTree = "<group>"; };
		D2C20D1E273626D80061D929 /* Info.plist */ = {isa = PBXFileReference; lastKnownFileType = text.plist.xml; path = Info.plist; sourceTree = "<group>"; };
		D2C20D23273626D80061D929 /* TransactionAppUITests.xctest */ = {isa = PBXFileReference; explicitFileType = wrapper.cfbundle; includeInIndex = 0; path = TransactionAppUITests.xctest; sourceTree = BUILT_PRODUCTS_DIR; };
		D2C20D27273626D80061D929 /* TransactionAppUITests.swift */ = {isa = PBXFileReference; lastKnownFileType = sourcecode.swift; path = TransactionAppUITests.swift; sourceTree = "<group>"; };
		D2C20D29273626D80061D929 /* Info.plist */ = {isa = PBXFileReference; lastKnownFileType = text.plist.xml; path = Info.plist; sourceTree = "<group>"; };
		D2C20D3D273627710061D929 /* LoginScenePresenter.swift */ = {isa = PBXFileReference; lastKnownFileType = sourcecode.swift; path = LoginScenePresenter.swift; sourceTree = "<group>"; };
		D2C20D3F273627710061D929 /* LoginSceneViewController.swift */ = {isa = PBXFileReference; lastKnownFileType = sourcecode.swift; path = LoginSceneViewController.swift; sourceTree = "<group>"; };
		D2C20D40273627710061D929 /* LoginSceneInteractor.swift */ = {isa = PBXFileReference; lastKnownFileType = sourcecode.swift; path = LoginSceneInteractor.swift; sourceTree = "<group>"; };
		D2C20D4E273628FC0061D929 /* DashboardScenePresenter.swift */ = {isa = PBXFileReference; lastKnownFileType = sourcecode.swift; path = DashboardScenePresenter.swift; sourceTree = "<group>"; };
		D2C20D50273628FC0061D929 /* DashboardSceneViewController.swift */ = {isa = PBXFileReference; lastKnownFileType = sourcecode.swift; path = DashboardSceneViewController.swift; sourceTree = "<group>"; };
		D2C20D51273628FC0061D929 /* DashboardSceneInteractor.swift */ = {isa = PBXFileReference; lastKnownFileType = sourcecode.swift; path = DashboardSceneInteractor.swift; sourceTree = "<group>"; };
		D2C20D53273628FC0061D929 /* DashboardSceneModel.swift */ = {isa = PBXFileReference; lastKnownFileType = sourcecode.swift; path = DashboardSceneModel.swift; sourceTree = "<group>"; };
		D2C20D60273629160061D929 /* TransferScenePresenter.swift */ = {isa = PBXFileReference; lastKnownFileType = sourcecode.swift; path = TransferScenePresenter.swift; sourceTree = "<group>"; };
		D2C20D62273629160061D929 /* TransferSceneViewController.swift */ = {isa = PBXFileReference; lastKnownFileType = sourcecode.swift; path = TransferSceneViewController.swift; sourceTree = "<group>"; };
		D2C20D63273629160061D929 /* TransferSceneInteractor.swift */ = {isa = PBXFileReference; lastKnownFileType = sourcecode.swift; path = TransferSceneInteractor.swift; sourceTree = "<group>"; };
		D2C20D65273629160061D929 /* TransferSceneModel.swift */ = {isa = PBXFileReference; lastKnownFileType = sourcecode.swift; path = TransferSceneModel.swift; sourceTree = "<group>"; };
		D2C20D7427362EFE0061D929 /* BindingTextField.swift */ = {isa = PBXFileReference; lastKnownFileType = sourcecode.swift; path = BindingTextField.swift; sourceTree = "<group>"; };
		D2C20D7D27362FB30061D929 /* UserModel.swift */ = {isa = PBXFileReference; lastKnownFileType = sourcecode.swift; path = UserModel.swift; sourceTree = "<group>"; };
		D2C20D8D273638E70061D929 /* RoundedButton.swift */ = {isa = PBXFileReference; lastKnownFileType = sourcecode.swift; path = RoundedButton.swift; sourceTree = "<group>"; };
		D2C20D9B273652250061D929 /* BaseViewController.swift */ = {isa = PBXFileReference; lastKnownFileType = sourcecode.swift; path = BaseViewController.swift; sourceTree = "<group>"; };
		D2C20DA8273678030061D929 /* LoginResponse.json */ = {isa = PBXFileReference; lastKnownFileType = text.json; path = LoginResponse.json; sourceTree = "<group>"; };
		D2C20DC0273684A70061D929 /* APIRequest.swift */ = {isa = PBXFileReference; lastKnownFileType = sourcecode.swift; path = APIRequest.swift; sourceTree = "<group>"; };
		D2C20DCD273686FC0061D929 /* APIProtocol.swift */ = {isa = PBXFileReference; lastKnownFileType = sourcecode.swift; path = APIProtocol.swift; sourceTree = "<group>"; };
		D2C20DD2273694620061D929 /* Reponse.swift */ = {isa = PBXFileReference; lastKnownFileType = sourcecode.swift; path = Reponse.swift; sourceTree = "<group>"; };
		D2C20DDA2736A26D0061D929 /* APIService.swift */ = {isa = PBXFileReference; lastKnownFileType = sourcecode.swift; path = APIService.swift; sourceTree = "<group>"; };
		D2C20DDF2736AECB0061D929 /* APIManager.swift */ = {isa = PBXFileReference; lastKnownFileType = sourcecode.swift; path = APIManager.swift; sourceTree = "<group>"; };
		D2C289C4273AC5FC00E79627 /* TransactionManager.swift */ = {isa = PBXFileReference; lastKnownFileType = sourcecode.swift; path = TransactionManager.swift; sourceTree = "<group>"; };
		D2C289C9273ACCE700E79627 /* Transfer.json */ = {isa = PBXFileReference; fileEncoding = 4; lastKnownFileType = text.json; path = Transfer.json; sourceTree = "<group>"; };
		D2F9126D27395EA500FC5487 /* TableViewDatasource.swift */ = {isa = PBXFileReference; lastKnownFileType = sourcecode.swift; path = TableViewDatasource.swift; sourceTree = "<group>"; };
		D2F9127527395FBB00FC5487 /* TransactionCell.swift */ = {isa = PBXFileReference; lastKnownFileType = sourcecode.swift; path = TransactionCell.swift; sourceTree = "<group>"; };
		D2F9127B27396DB800FC5487 /* Extensions.swift */ = {isa = PBXFileReference; lastKnownFileType = sourcecode.swift; path = Extensions.swift; sourceTree = "<group>"; };
		D2F9129127398DED00FC5487 /* TransactionSceneRouter.swift */ = {isa = PBXFileReference; lastKnownFileType = sourcecode.swift; path = TransactionSceneRouter.swift; sourceTree = "<group>"; };
/* End PBXFileReference section */

/* Begin PBXFrameworksBuildPhase section */
		D2C20CFF273626CB0061D929 /* Frameworks */ = {
			isa = PBXFrameworksBuildPhase;
			buildActionMask = 2147483647;
			files = (
			);
			runOnlyForDeploymentPostprocessing = 0;
		};
		D2C20D15273626D80061D929 /* Frameworks */ = {
			isa = PBXFrameworksBuildPhase;
			buildActionMask = 2147483647;
			files = (
			);
			runOnlyForDeploymentPostprocessing = 0;
		};
		D2C20D20273626D80061D929 /* Frameworks */ = {
			isa = PBXFrameworksBuildPhase;
			buildActionMask = 2147483647;
			files = (
			);
			runOnlyForDeploymentPostprocessing = 0;
		};
/* End PBXFrameworksBuildPhase section */

/* Begin PBXGroup section */
		D22BFA6F2737CDB100764BBB /* Utility */ = {
			isa = PBXGroup;
			children = (
				D22BFA782737D0DA00764BBB /* Utils.swift */,
				D2F9127B27396DB800FC5487 /* Extensions.swift */,
			);
			path = Utility;
			sourceTree = "<group>";
		};
		D22BFA962737E4CD00764BBB /* Scenes */ = {
			isa = PBXGroup;
			children = (
				D22BFACD2737E5FF00764BBB /* Login */,
			);
			path = Scenes;
			sourceTree = "<group>";
		};
		D22BFA972737E4DB00764BBB /* Networks */ = {
			isa = PBXGroup;
			children = (
			);
			path = Networks;
			sourceTree = "<group>";
		};
		D22BFA982737E4F700764BBB /* Mocks */ = {
			isa = PBXGroup;
			children = (
				D2C289C9273ACCE700E79627 /* Transfer.json */,
				D2C20DA8273678030061D929 /* LoginResponse.json */,
				D22BFAA12737E54B00764BBB /* Payee.json */,
				D22BFA992737E54100764BBB /* Transactions.json */,
			);
			path = Mocks;
			sourceTree = "<group>";
		};
		D22BFACD2737E5FF00764BBB /* Login */ = {
			isa = PBXGroup;
			children = (
				D22BFACE2737E61300764BBB /* LoginSceneViewControllerTests.swift */,
			);
			path = Login;
			sourceTree = "<group>";
		};
		D2C20CF9273626CB0061D929 = {
			isa = PBXGroup;
			children = (
				D2C20D04273626CB0061D929 /* TransactionApp */,
				D2C20D1B273626D80061D929 /* TransactionAppTests */,
				D2C20D26273626D80061D929 /* TransactionAppUITests */,
				D2C20D03273626CB0061D929 /* Products */,
			);
			sourceTree = "<group>";
		};
		D2C20D03273626CB0061D929 /* Products */ = {
			isa = PBXGroup;
			children = (
				D2C20D02273626CB0061D929 /* TransactionApp.app */,
				D2C20D18273626D80061D929 /* TransactionAppTests.xctest */,
				D2C20D23273626D80061D929 /* TransactionAppUITests.xctest */,
			);
			name = Products;
			sourceTree = "<group>";
		};
		D2C20D04273626CB0061D929 /* TransactionApp */ = {
			isa = PBXGroup;
			children = (
				D2C289C3273AC5E200E79627 /* Manager */,
				D2F9129027398DCE00FC5487 /* Routers */,
				D2C20DBF273684820061D929 /* Networks */,
				D2C20D7227362EC70061D929 /* Common */,
				D2C20D38273626EF0061D929 /* Scenes */,
				D2C20D05273626CB0061D929 /* AppDelegate.swift */,
				D2C20D07273626CB0061D929 /* SceneDelegate.swift */,
				D2C20D0B273626CB0061D929 /* Main.storyboard */,
				D22BFA882737D48900764BBB /* Localizable.strings */,
				D2C20D0E273626D70061D929 /* Assets.xcassets */,
				D2C20D10273626D70061D929 /* LaunchScreen.storyboard */,
				D2C20D13273626D70061D929 /* Info.plist */,
			);
			path = TransactionApp;
			sourceTree = "<group>";
		};
		D2C20D1B273626D80061D929 /* TransactionAppTests */ = {
			isa = PBXGroup;
			children = (
				D22BFA982737E4F700764BBB /* Mocks */,
				D22BFA972737E4DB00764BBB /* Networks */,
				D22BFA962737E4CD00764BBB /* Scenes */,
				D2C20D1C273626D80061D929 /* TransactionAppTests.swift */,
				D2C20D1E273626D80061D929 /* Info.plist */,
			);
			path = TransactionAppTests;
			sourceTree = "<group>";
		};
		D2C20D26273626D80061D929 /* TransactionAppUITests */ = {
			isa = PBXGroup;
			children = (
				D2C20D27273626D80061D929 /* TransactionAppUITests.swift */,
				D2C20D29273626D80061D929 /* Info.plist */,
			);
			path = TransactionAppUITests;
			sourceTree = "<group>";
		};
		D2C20D38273626EF0061D929 /* Scenes */ = {
			isa = PBXGroup;
			children = (
				D2C20D4D273628DC0061D929 /* Transfer */,
				D2C20D4C273627EE0061D929 /* Dashboard */,
				D2C20D39273626FB0061D929 /* LoginScene */,
			);
			path = Scenes;
			sourceTree = "<group>";
		};
		D2C20D39273626FB0061D929 /* LoginScene */ = {
			isa = PBXGroup;
			children = (
				D2C20D3D273627710061D929 /* LoginScenePresenter.swift */,
				D2C20D3F273627710061D929 /* LoginSceneViewController.swift */,
				D2C20D40273627710061D929 /* LoginSceneInteractor.swift */,
			);
			path = LoginScene;
			sourceTree = "<group>";
		};
		D2C20D4C273627EE0061D929 /* Dashboard */ = {
			isa = PBXGroup;
			children = (
				D2C20D4E273628FC0061D929 /* DashboardScenePresenter.swift */,
				D2C20D50273628FC0061D929 /* DashboardSceneViewController.swift */,
				D2C20D51273628FC0061D929 /* DashboardSceneInteractor.swift */,
				D2C20D53273628FC0061D929 /* DashboardSceneModel.swift */,
			);
			path = Dashboard;
			sourceTree = "<group>";
		};
		D2C20D4D273628DC0061D929 /* Transfer */ = {
			isa = PBXGroup;
			children = (
				D2C20D60273629160061D929 /* TransferScenePresenter.swift */,
				D2C20D62273629160061D929 /* TransferSceneViewController.swift */,
				D2C20D63273629160061D929 /* TransferSceneInteractor.swift */,
				D2C20D65273629160061D929 /* TransferSceneModel.swift */,
			);
			path = Transfer;
			sourceTree = "<group>";
		};
		D2C20D7227362EC70061D929 /* Common */ = {
			isa = PBXGroup;
			children = (
				D22BFA6F2737CDB100764BBB /* Utility */,
				D2C20D7C27362FA30061D929 /* Models */,
				D2C20D7327362ECE0061D929 /* Views */,
				D2C20D9B273652250061D929 /* BaseViewController.swift */,
				D2F9126D27395EA500FC5487 /* TableViewDatasource.swift */,
			);
			path = Common;
			sourceTree = "<group>";
		};
		D2C20D7327362ECE0061D929 /* Views */ = {
			isa = PBXGroup;
			children = (
				D2C20D7427362EFE0061D929 /* BindingTextField.swift */,
				D2C20D8D273638E70061D929 /* RoundedButton.swift */,
				D22BFAEE27382AC900764BBB /* RoundedView.swift */,
				D2F9127527395FBB00FC5487 /* TransactionCell.swift */,
			);
			path = Views;
			sourceTree = "<group>";
		};
		D2C20D7C27362FA30061D929 /* Models */ = {
			isa = PBXGroup;
			children = (
				D2C20D7D27362FB30061D929 /* UserModel.swift */,
				D2C20DD2273694620061D929 /* Reponse.swift */,
			);
			path = Models;
			sourceTree = "<group>";
		};
		D2C20DBF273684820061D929 /* Networks */ = {
			isa = PBXGroup;
			children = (
				D2C20DC0273684A70061D929 /* APIRequest.swift */,
				D2C20DCD273686FC0061D929 /* APIProtocol.swift */,
				D2C20DDA2736A26D0061D929 /* APIService.swift */,
				D2C20DDF2736AECB0061D929 /* APIManager.swift */,
			);
			path = Networks;
			sourceTree = "<group>";
		};
		D2C289C3273AC5E200E79627 /* Manager */ = {
			isa = PBXGroup;
			children = (
				D2C289C4273AC5FC00E79627 /* TransactionManager.swift */,
			);
			path = Manager;
			sourceTree = "<group>";
		};
		D2F9129027398DCE00FC5487 /* Routers */ = {
			isa = PBXGroup;
			children = (
				D2F9129127398DED00FC5487 /* TransactionSceneRouter.swift */,
			);
			path = Routers;
			sourceTree = "<group>";
		};
/* End PBXGroup section */

/* Begin PBXNativeTarget section */
		D2C20D01273626CB0061D929 /* TransactionApp */ = {
			isa = PBXNativeTarget;
			buildConfigurationList = D2C20D2C273626D80061D929 /* Build configuration list for PBXNativeTarget "TransactionApp" */;
			buildPhases = (
				D2C20CFE273626CB0061D929 /* Sources */,
				D2C20CFF273626CB0061D929 /* Frameworks */,
				D2C20D00273626CB0061D929 /* Resources */,
			);
			buildRules = (
			);
			dependencies = (
			);
			name = TransactionApp;
			productName = TransactionApp;
			productReference = D2C20D02273626CB0061D929 /* TransactionApp.app */;
			productType = "com.apple.product-type.application";
		};
		D2C20D17273626D80061D929 /* TransactionAppTests */ = {
			isa = PBXNativeTarget;
			buildConfigurationList = D2C20D2F273626D80061D929 /* Build configuration list for PBXNativeTarget "TransactionAppTests" */;
			buildPhases = (
				D2C20D14273626D80061D929 /* Sources */,
				D2C20D15273626D80061D929 /* Frameworks */,
				D2C20D16273626D80061D929 /* Resources */,
			);
			buildRules = (
			);
			dependencies = (
				D2C20D1A273626D80061D929 /* PBXTargetDependency */,
			);
			name = TransactionAppTests;
			productName = TransactionAppTests;
			productReference = D2C20D18273626D80061D929 /* TransactionAppTests.xctest */;
			productType = "com.apple.product-type.bundle.unit-test";
		};
		D2C20D22273626D80061D929 /* TransactionAppUITests */ = {
			isa = PBXNativeTarget;
			buildConfigurationList = D2C20D32273626D80061D929 /* Build configuration list for PBXNativeTarget "TransactionAppUITests" */;
			buildPhases = (
				D2C20D1F273626D80061D929 /* Sources */,
				D2C20D20273626D80061D929 /* Frameworks */,
				D2C20D21273626D80061D929 /* Resources */,
			);
			buildRules = (
			);
			dependencies = (
				D2C20D25273626D80061D929 /* PBXTargetDependency */,
			);
			name = TransactionAppUITests;
			productName = TransactionAppUITests;
			productReference = D2C20D23273626D80061D929 /* TransactionAppUITests.xctest */;
			productType = "com.apple.product-type.bundle.ui-testing";
		};
/* End PBXNativeTarget section */

/* Begin PBXProject section */
		D2C20CFA273626CB0061D929 /* Project object */ = {
			isa = PBXProject;
			attributes = {
				LastSwiftUpdateCheck = 1240;
				LastUpgradeCheck = 1240;
				TargetAttributes = {
					D2C20D01273626CB0061D929 = {
						CreatedOnToolsVersion = 12.4;
					};
					D2C20D17273626D80061D929 = {
						CreatedOnToolsVersion = 12.4;
						TestTargetID = D2C20D01273626CB0061D929;
					};
					D2C20D22273626D80061D929 = {
						CreatedOnToolsVersion = 12.4;
						TestTargetID = D2C20D01273626CB0061D929;
					};
				};
			};
			buildConfigurationList = D2C20CFD273626CB0061D929 /* Build configuration list for PBXProject "TransactionApp" */;
			compatibilityVersion = "Xcode 9.3";
			developmentRegion = en;
			hasScannedForEncodings = 0;
			knownRegions = (
				en,
				Base,
				hi,
			);
			mainGroup = D2C20CF9273626CB0061D929;
			productRefGroup = D2C20D03273626CB0061D929 /* Products */;
			projectDirPath = "";
			projectRoot = "";
			targets = (
				D2C20D01273626CB0061D929 /* TransactionApp */,
				D2C20D17273626D80061D929 /* TransactionAppTests */,
				D2C20D22273626D80061D929 /* TransactionAppUITests */,
			);
		};
/* End PBXProject section */

/* Begin PBXResourcesBuildPhase section */
		D2C20D00273626CB0061D929 /* Resources */ = {
			isa = PBXResourcesBuildPhase;
			buildActionMask = 2147483647;
			files = (
				D2C20D12273626D70061D929 /* LaunchScreen.storyboard in Resources */,
				D2C20DA9273678030061D929 /* LoginResponse.json in Resources */,
				D22BFA892737D48900764BBB /* Localizable.strings in Resources */,
				D2C20D0F273626D70061D929 /* Assets.xcassets in Resources */,
				D2C20D0D273626CB0061D929 /* Main.storyboard in Resources */,
			);
			runOnlyForDeploymentPostprocessing = 0;
		};
		D2C20D16273626D80061D929 /* Resources */ = {
			isa = PBXResourcesBuildPhase;
			buildActionMask = 2147483647;
			files = (
				D22BFAA22737E54B00764BBB /* Payee.json in Resources */,
				D2C289CA273ACCE700E79627 /* Transfer.json in Resources */,
				D22BFA9A2737E54100764BBB /* Transactions.json in Resources */,
			);
			runOnlyForDeploymentPostprocessing = 0;
		};
		D2C20D21273626D80061D929 /* Resources */ = {
			isa = PBXResourcesBuildPhase;
			buildActionMask = 2147483647;
			files = (
			);
			runOnlyForDeploymentPostprocessing = 0;
		};
/* End PBXResourcesBuildPhase section */

/* Begin PBXSourcesBuildPhase section */
		D2C20CFE273626CB0061D929 /* Sources */ = {
			isa = PBXSourcesBuildPhase;
			buildActionMask = 2147483647;
			files = (
				D2C20DD3273694620061D929 /* Reponse.swift in Sources */,
				D2C20D8E273638E70061D929 /* RoundedButton.swift in Sources */,
				D2C20DC1273684A70061D929 /* APIRequest.swift in Sources */,
				D2C20D66273629160061D929 /* TransferScenePresenter.swift in Sources */,
				D2F9129227398DED00FC5487 /* TransactionSceneRouter.swift in Sources */,
				D2F9126E27395EA500FC5487 /* TableViewDatasource.swift in Sources */,
				D2C20D57273628FC0061D929 /* DashboardSceneInteractor.swift in Sources */,
				D2C20D9C273652250061D929 /* BaseViewController.swift in Sources */,
				D22BFAEF27382AC900764BBB /* RoundedView.swift in Sources */,
				D2C20DCE273686FC0061D929 /* APIProtocol.swift in Sources */,
				D2C20D69273629160061D929 /* TransferSceneInteractor.swift in Sources */,
				D2C20D68273629160061D929 /* TransferSceneViewController.swift in Sources */,
				D2C20D59273628FC0061D929 /* DashboardSceneModel.swift in Sources */,
				D2C289C5273AC5FC00E79627 /* TransactionManager.swift in Sources */,
				D2C20D06273626CB0061D929 /* AppDelegate.swift in Sources */,
				D2C20D7E27362FB30061D929 /* UserModel.swift in Sources */,
				D2C20DDB2736A26D0061D929 /* APIService.swift in Sources */,
				D2C20D56273628FC0061D929 /* DashboardSceneViewController.swift in Sources */,
				D2C20D6B273629160061D929 /* TransferSceneModel.swift in Sources */,
				D2C20D46273627710061D929 /* LoginSceneInteractor.swift in Sources */,
				D2C20D54273628FC0061D929 /* DashboardScenePresenter.swift in Sources */,
				D2F9127627395FBB00FC5487 /* TransactionCell.swift in Sources */,
				D2C20D45273627710061D929 /* LoginSceneViewController.swift in Sources */,
				D2C20D08273626CB0061D929 /* SceneDelegate.swift in Sources */,
				D2F9127C27396DB800FC5487 /* Extensions.swift in Sources */,
				D2C20D7527362EFE0061D929 /* BindingTextField.swift in Sources */,
				D22BFA792737D0DA00764BBB /* Utils.swift in Sources */,
				D2C20D43273627710061D929 /* LoginScenePresenter.swift in Sources */,
				D2C20DE02736AECB0061D929 /* APIManager.swift in Sources */,
			);
			runOnlyForDeploymentPostprocessing = 0;
		};
		D2C20D14273626D80061D929 /* Sources */ = {
			isa = PBXSourcesBuildPhase;
			buildActionMask = 2147483647;
			files = (
				D2C20D1D273626D80061D929 /* TransactionAppTests.swift in Sources */,
				D22BFAD22737E61300764BBB /* LoginSceneViewControllerTests.swift in Sources */,
			);
			runOnlyForDeploymentPostprocessing = 0;
		};
		D2C20D1F273626D80061D929 /* Sources */ = {
			isa = PBXSourcesBuildPhase;
			buildActionMask = 2147483647;
			files = (
				D2C20D28273626D80061D929 /* TransactionAppUITests.swift in Sources */,
			);
			runOnlyForDeploymentPostprocessing = 0;
		};
/* End PBXSourcesBuildPhase section */

/* Begin PBXTargetDependency section */
		D2C20D1A273626D80061D929 /* PBXTargetDependency */ = {
			isa = PBXTargetDependency;
			target = D2C20D01273626CB0061D929 /* TransactionApp */;
			targetProxy = D2C20D19273626D80061D929 /* PBXContainerItemProxy */;
		};
		D2C20D25273626D80061D929 /* PBXTargetDependency */ = {
			isa = PBXTargetDependency;
			target = D2C20D01273626CB0061D929 /* TransactionApp */;
			targetProxy = D2C20D24273626D80061D929 /* PBXContainerItemProxy */;
		};
/* End PBXTargetDependency section */

/* Begin PBXVariantGroup section */
		D2C20D0B273626CB0061D929 /* Main.storyboard */ = {
			isa = PBXVariantGroup;
			children = (
				D2C20D0C273626CB0061D929 /* Base */,
				D22BFA832737D41300764BBB /* hi */,
			);
			name = Main.storyboard;
			sourceTree = "<group>";
		};
		D2C20D10273626D70061D929 /* LaunchScreen.storyboard */ = {
			isa = PBXVariantGroup;
			children = (
				D2C20D11273626D70061D929 /* Base */,
				D22BFA842737D41300764BBB /* hi */,
			);
			name = LaunchScreen.storyboard;
			sourceTree = "<group>";
		};
/* End PBXVariantGroup section */

/* Begin XCBuildConfiguration section */
		D2C20D2A273626D80061D929 /* Debug */ = {
			isa = XCBuildConfiguration;
			buildSettings = {
				ALWAYS_SEARCH_USER_PATHS = NO;
				CLANG_ANALYZER_LOCALIZABILITY_NONLOCALIZED = YES;
				CLANG_ANALYZER_NONNULL = YES;
				CLANG_ANALYZER_NUMBER_OBJECT_CONVERSION = YES_AGGRESSIVE;
				CLANG_CXX_LANGUAGE_STANDARD = "gnu++14";
				CLANG_CXX_LIBRARY = "libc++";
				CLANG_ENABLE_MODULES = YES;
				CLANG_ENABLE_OBJC_ARC = YES;
				CLANG_ENABLE_OBJC_WEAK = YES;
				CLANG_WARN_BLOCK_CAPTURE_AUTORELEASING = YES;
				CLANG_WARN_BOOL_CONVERSION = YES;
				CLANG_WARN_COMMA = YES;
				CLANG_WARN_CONSTANT_CONVERSION = YES;
				CLANG_WARN_DEPRECATED_OBJC_IMPLEMENTATIONS = YES;
				CLANG_WARN_DIRECT_OBJC_ISA_USAGE = YES_ERROR;
				CLANG_WARN_DOCUMENTATION_COMMENTS = YES;
				CLANG_WARN_EMPTY_BODY = YES;
				CLANG_WARN_ENUM_CONVERSION = YES;
				CLANG_WARN_INFINITE_RECURSION = YES;
				CLANG_WARN_INT_CONVERSION = YES;
				CLANG_WARN_NON_LITERAL_NULL_CONVERSION = YES;
				CLANG_WARN_OBJC_IMPLICIT_RETAIN_SELF = YES;
				CLANG_WARN_OBJC_LITERAL_CONVERSION = YES;
				CLANG_WARN_OBJC_ROOT_CLASS = YES_ERROR;
				CLANG_WARN_QUOTED_INCLUDE_IN_FRAMEWORK_HEADER = YES;
				CLANG_WARN_RANGE_LOOP_ANALYSIS = YES;
				CLANG_WARN_STRICT_PROTOTYPES = YES;
				CLANG_WARN_SUSPICIOUS_MOVE = YES;
				CLANG_WARN_UNGUARDED_AVAILABILITY = YES_AGGRESSIVE;
				CLANG_WARN_UNREACHABLE_CODE = YES;
				CLANG_WARN__DUPLICATE_METHOD_MATCH = YES;
				COPY_PHASE_STRIP = NO;
				DEBUG_INFORMATION_FORMAT = dwarf;
				ENABLE_STRICT_OBJC_MSGSEND = YES;
				ENABLE_TESTABILITY = YES;
				GCC_C_LANGUAGE_STANDARD = gnu11;
				GCC_DYNAMIC_NO_PIC = NO;
				GCC_NO_COMMON_BLOCKS = YES;
				GCC_OPTIMIZATION_LEVEL = 0;
				GCC_PREPROCESSOR_DEFINITIONS = (
					"DEBUG=1",
					"$(inherited)",
				);
				GCC_WARN_64_TO_32_BIT_CONVERSION = YES;
				GCC_WARN_ABOUT_RETURN_TYPE = YES_ERROR;
				GCC_WARN_UNDECLARED_SELECTOR = YES;
				GCC_WARN_UNINITIALIZED_AUTOS = YES_AGGRESSIVE;
				GCC_WARN_UNUSED_FUNCTION = YES;
				GCC_WARN_UNUSED_VARIABLE = YES;
				IPHONEOS_DEPLOYMENT_TARGET = 14.4;
				MTL_ENABLE_DEBUG_INFO = INCLUDE_SOURCE;
				MTL_FAST_MATH = YES;
				ONLY_ACTIVE_ARCH = YES;
				SDKROOT = iphoneos;
				SWIFT_ACTIVE_COMPILATION_CONDITIONS = DEBUG;
				SWIFT_OPTIMIZATION_LEVEL = "-Onone";
			};
			name = Debug;
		};
		D2C20D2B273626D80061D929 /* Release */ = {
			isa = XCBuildConfiguration;
			buildSettings = {
				ALWAYS_SEARCH_USER_PATHS = NO;
				CLANG_ANALYZER_LOCALIZABILITY_NONLOCALIZED = YES;
				CLANG_ANALYZER_NONNULL = YES;
				CLANG_ANALYZER_NUMBER_OBJECT_CONVERSION = YES_AGGRESSIVE;
				CLANG_CXX_LANGUAGE_STANDARD = "gnu++14";
				CLANG_CXX_LIBRARY = "libc++";
				CLANG_ENABLE_MODULES = YES;
				CLANG_ENABLE_OBJC_ARC = YES;
				CLANG_ENABLE_OBJC_WEAK = YES;
				CLANG_WARN_BLOCK_CAPTURE_AUTORELEASING = YES;
				CLANG_WARN_BOOL_CONVERSION = YES;
				CLANG_WARN_COMMA = YES;
				CLANG_WARN_CONSTANT_CONVERSION = YES;
				CLANG_WARN_DEPRECATED_OBJC_IMPLEMENTATIONS = YES;
				CLANG_WARN_DIRECT_OBJC_ISA_USAGE = YES_ERROR;
				CLANG_WARN_DOCUMENTATION_COMMENTS = YES;
				CLANG_WARN_EMPTY_BODY = YES;
				CLANG_WARN_ENUM_CONVERSION = YES;
				CLANG_WARN_INFINITE_RECURSION = YES;
				CLANG_WARN_INT_CONVERSION = YES;
				CLANG_WARN_NON_LITERAL_NULL_CONVERSION = YES;
				CLANG_WARN_OBJC_IMPLICIT_RETAIN_SELF = YES;
				CLANG_WARN_OBJC_LITERAL_CONVERSION = YES;
				CLANG_WARN_OBJC_ROOT_CLASS = YES_ERROR;
				CLANG_WARN_QUOTED_INCLUDE_IN_FRAMEWORK_HEADER = YES;
				CLANG_WARN_RANGE_LOOP_ANALYSIS = YES;
				CLANG_WARN_STRICT_PROTOTYPES = YES;
				CLANG_WARN_SUSPICIOUS_MOVE = YES;
				CLANG_WARN_UNGUARDED_AVAILABILITY = YES_AGGRESSIVE;
				CLANG_WARN_UNREACHABLE_CODE = YES;
				CLANG_WARN__DUPLICATE_METHOD_MATCH = YES;
				COPY_PHASE_STRIP = NO;
				DEBUG_INFORMATION_FORMAT = "dwarf-with-dsym";
				ENABLE_NS_ASSERTIONS = NO;
				ENABLE_STRICT_OBJC_MSGSEND = YES;
				GCC_C_LANGUAGE_STANDARD = gnu11;
				GCC_NO_COMMON_BLOCKS = YES;
				GCC_WARN_64_TO_32_BIT_CONVERSION = YES;
				GCC_WARN_ABOUT_RETURN_TYPE = YES_ERROR;
				GCC_WARN_UNDECLARED_SELECTOR = YES;
				GCC_WARN_UNINITIALIZED_AUTOS = YES_AGGRESSIVE;
				GCC_WARN_UNUSED_FUNCTION = YES;
				GCC_WARN_UNUSED_VARIABLE = YES;
				IPHONEOS_DEPLOYMENT_TARGET = 14.4;
				MTL_ENABLE_DEBUG_INFO = NO;
				MTL_FAST_MATH = YES;
				SDKROOT = iphoneos;
				SWIFT_COMPILATION_MODE = wholemodule;
				SWIFT_OPTIMIZATION_LEVEL = "-O";
				VALIDATE_PRODUCT = YES;
			};
			name = Release;
		};
		D2C20D2D273626D80061D929 /* Debug */ = {
			isa = XCBuildConfiguration;
			buildSettings = {
				ASSETCATALOG_COMPILER_APPICON_NAME = AppIcon;
				ASSETCATALOG_COMPILER_GLOBAL_ACCENT_COLOR_NAME = AccentColor;
				CODE_SIGN_STYLE = Manual;
				DEVELOPMENT_TEAM = "";
				INFOPLIST_FILE = TransactionApp/Info.plist;
				LD_RUNPATH_SEARCH_PATHS = (
					"$(inherited)",
					"@executable_path/Frameworks",
				);
				PRODUCT_BUNDLE_IDENTIFIER = com.nitkkr.ac.TransactionApp;
				PRODUCT_NAME = "$(TARGET_NAME)";
				PROVISIONING_PROFILE_SPECIFIER = "";
				SWIFT_VERSION = 5.0;
				TARGETED_DEVICE_FAMILY = "1,2";
			};
			name = Debug;
		};
		D2C20D2E273626D80061D929 /* Release */ = {
			isa = XCBuildConfiguration;
			buildSettings = {
				ASSETCATALOG_COMPILER_APPICON_NAME = AppIcon;
				ASSETCATALOG_COMPILER_GLOBAL_ACCENT_COLOR_NAME = AccentColor;
				CODE_SIGN_STYLE = Manual;
				DEVELOPMENT_TEAM = "";
				INFOPLIST_FILE = TransactionApp/Info.plist;
				LD_RUNPATH_SEARCH_PATHS = (
					"$(inherited)",
					"@executable_path/Frameworks",
				);
				PRODUCT_BUNDLE_IDENTIFIER = com.nitkkr.ac.TransactionApp;
				PRODUCT_NAME = "$(TARGET_NAME)";
				PROVISIONING_PROFILE_SPECIFIER = "";
				SWIFT_VERSION = 5.0;
				TARGETED_DEVICE_FAMILY = "1,2";
			};
			name = Release;
		};
		D2C20D30273626D80061D929 /* Debug */ = {
			isa = XCBuildConfiguration;
			buildSettings = {
				ALWAYS_EMBED_SWIFT_STANDARD_LIBRARIES = YES;
				BUNDLE_LOADER = "$(TEST_HOST)";
				CODE_SIGN_STYLE = Automatic;
				INFOPLIST_FILE = TransactionAppTests/Info.plist;
				IPHONEOS_DEPLOYMENT_TARGET = 14.4;
				LD_RUNPATH_SEARCH_PATHS = (
					"$(inherited)",
					"@executable_path/Frameworks",
					"@loader_path/Frameworks",
				);
				PRODUCT_BUNDLE_IDENTIFIER = com.nitkkr.TransactionAppTests;
				PRODUCT_NAME = "$(TARGET_NAME)";
				SWIFT_VERSION = 5.0;
				TARGETED_DEVICE_FAMILY = "1,2";
				TEST_HOST = "$(BUILT_PRODUCTS_DIR)/TransactionApp.app/TransactionApp";
			};
			name = Debug;
		};
		D2C20D31273626D80061D929 /* Release */ = {
			isa = XCBuildConfiguration;
			buildSettings = {
				ALWAYS_EMBED_SWIFT_STANDARD_LIBRARIES = YES;
				BUNDLE_LOADER = "$(TEST_HOST)";
				CODE_SIGN_STYLE = Automatic;
				INFOPLIST_FILE = TransactionAppTests/Info.plist;
				IPHONEOS_DEPLOYMENT_TARGET = 14.4;
				LD_RUNPATH_SEARCH_PATHS = (
					"$(inherited)",
					"@executable_path/Frameworks",
					"@loader_path/Frameworks",
				);
				PRODUCT_BUNDLE_IDENTIFIER = com.nitkkr.TransactionAppTests;
				PRODUCT_NAME = "$(TARGET_NAME)";
				SWIFT_VERSION = 5.0;
				TARGETED_DEVICE_FAMILY = "1,2";
				TEST_HOST = "$(BUILT_PRODUCTS_DIR)/TransactionApp.app/TransactionApp";
			};
			name = Release;
		};
		D2C20D33273626D80061D929 /* Debug */ = {
			isa = XCBuildConfiguration;
			buildSettings = {
				ALWAYS_EMBED_SWIFT_STANDARD_LIBRARIES = YES;
				CODE_SIGN_STYLE = Automatic;
				INFOPLIST_FILE = TransactionAppUITests/Info.plist;
				LD_RUNPATH_SEARCH_PATHS = (
					"$(inherited)",
					"@executable_path/Frameworks",
					"@loader_path/Frameworks",
				);
				PRODUCT_BUNDLE_IDENTIFIER = com.nitkkr.TransactionAppUITests;
				PRODUCT_NAME = "$(TARGET_NAME)";
				SWIFT_VERSION = 5.0;
				TARGETED_DEVICE_FAMILY = "1,2";
				TEST_TARGET_NAME = TransactionApp;
			};
			name = Debug;
		};
		D2C20D34273626D80061D929 /* Release */ = {
			isa = XCBuildConfiguration;
			buildSettings = {
				ALWAYS_EMBED_SWIFT_STANDARD_LIBRARIES = YES;
				CODE_SIGN_STYLE = Automatic;
				INFOPLIST_FILE = TransactionAppUITests/Info.plist;
				LD_RUNPATH_SEARCH_PATHS = (
					"$(inherited)",
					"@executable_path/Frameworks",
					"@loader_path/Frameworks",
				);
				PRODUCT_BUNDLE_IDENTIFIER = com.nitkkr.TransactionAppUITests;
				PRODUCT_NAME = "$(TARGET_NAME)";
				SWIFT_VERSION = 5.0;
				TARGETED_DEVICE_FAMILY = "1,2";
				TEST_TARGET_NAME = TransactionApp;
			};
			name = Release;
		};
/* End XCBuildConfiguration section */

/* Begin XCConfigurationList section */
		D2C20CFD273626CB0061D929 /* Build configuration list for PBXProject "TransactionApp" */ = {
			isa = XCConfigurationList;
			buildConfigurations = (
				D2C20D2A273626D80061D929 /* Debug */,
				D2C20D2B273626D80061D929 /* Release */,
			);
			defaultConfigurationIsVisible = 0;
			defaultConfigurationName = Release;
		};
		D2C20D2C273626D80061D929 /* Build configuration list for PBXNativeTarget "TransactionApp" */ = {
			isa = XCConfigurationList;
			buildConfigurations = (
				D2C20D2D273626D80061D929 /* Debug */,
				D2C20D2E273626D80061D929 /* Release */,
			);
			defaultConfigurationIsVisible = 0;
			defaultConfigurationName = Release;
		};
		D2C20D2F273626D80061D929 /* Build configuration list for PBXNativeTarget "TransactionAppTests" */ = {
			isa = XCConfigurationList;
			buildConfigurations = (
				D2C20D30273626D80061D929 /* Debug */,
				D2C20D31273626D80061D929 /* Release */,
			);
			defaultConfigurationIsVisible = 0;
			defaultConfigurationName = Release;
		};
		D2C20D32273626D80061D929 /* Build configuration list for PBXNativeTarget "TransactionAppUITests" */ = {
			isa = XCConfigurationList;
			buildConfigurations = (
				D2C20D33273626D80061D929 /* Debug */,
				D2C20D34273626D80061D929 /* Release */,
			);
			defaultConfigurationIsVisible = 0;
			defaultConfigurationName = Release;
		};
/* End XCConfigurationList section */
	};
	rootObject = D2C20CFA273626CB0061D929 /* Project object */;
}
